
Microsoft Visual Studio Solution File, Format Version 12.00
# Visual Studio Version 17
VisualStudioVersion = 17.7.34302.85
MinimumVisualStudioVersion = 10.0.40219.1
Project("{2150E333-8FDC-42A3-9474-1A3956D46DE8}") = "ApiConsume", "ApiConsume", "{B2791543-DB5F-494F-A816-B6C037BE0FEB}"
EndProject
Project("{2150E333-8FDC-42A3-9474-1A3956D46DE8}") = "Fronted", "Fronted", "{AC785444-5DA2-44AE-917A-0CF5860DD327}"
EndProject
Project("{2150E333-8FDC-42A3-9474-1A3956D46DE8}") = "ToDoList", "ToDoList", "{C158F8FF-D68A-475B-9A01-D4346648C856}"
EndProject
Project("{FAE04EC0-301F-11D3-BF4B-00C04F79EFBC}") = "HotelProject.EntityLayer", "ApiConsume\HotelProject.EntityLayer\HotelProject.EntityLayer.csproj", "{922FD0A2-1432-48D9-B9FB-3E4EB04AA090}"
EndProject
Project("{FAE04EC0-301F-11D3-BF4B-00C04F79EFBC}") = "HotelProject.DataAccessLayer", "ApiConsume\HotelProject.DataAccessLayer\HotelProject.DataAccessLayer.csproj", "{76594029-E851-4CAD-8F11-260C5F1F328D}"
EndProject
Project("{FAE04EC0-301F-11D3-BF4B-00C04F79EFBC}") = "HotelProject.BusinessLayer", "ApiConsume\HotelProject.BusinessLayer\HotelProject.BusinessLayer.csproj", "{BEE9D766-363B-4A9F-88EA-1BE1ED1C7C32}"
EndProject
Project("{FAE04EC0-301F-11D3-BF4B-00C04F79EFBC}") = "HotelProject.DtoLayer", "ApiConsume\HotelProject.DtoLayer\HotelProject.DtoLayer.csproj", "{805E3440-E35C-4887-8FDA-8B8960EFF1D1}"
EndProject
Project("{FAE04EC0-301F-11D3-BF4B-00C04F79EFBC}") = "HotelProject.WebUI", "Frontend\HotelProject.WebUI\HotelProject.WebUI.csproj", "{FA38270F-07D5-47FD-875E-F976A1D94E8C}"
EndProject
Project("{FAE04EC0-301F-11D3-BF4B-00C04F79EFBC}") = "HotelProject.WebApi", "ApiConsume\HotelProject.WebApi\HotelProject.WebApi.csproj", "{87111F99-F5D3-4590-A44B-88E873B7F91C}"
EndProject
Global
	GlobalSection(SolutionConfigurationPlatforms) = preSolution
		Debug|Any CPU = Debug|Any CPU
		Release|Any CPU = Release|Any CPU
	EndGlobalSection
	GlobalSection(ProjectConfigurationPlatforms) = postSolution
		{922FD0A2-1432-48D9-B9FB-3E4EB04AA090}.Debug|Any CPU.ActiveCfg = Debug|Any CPU
		{922FD0A2-1432-48D9-B9FB-3E4EB04AA090}.Debug|Any CPU.Build.0 = Debug|Any CPU
		{922FD0A2-1432-48D9-B9FB-3E4EB04AA090}.Release|Any CPU.ActiveCfg = Release|Any CPU
		{922FD0A2-1432-48D9-B9FB-3E4EB04AA090}.Release|Any CPU.Build.0 = Release|Any CPU
		{76594029-E851-4CAD-8F11-260C5F1F328D}.Debug|Any CPU.ActiveCfg = Debug|Any CPU
		{76594029-E851-4CAD-8F11-260C5F1F328D}.Debug|Any CPU.Build.0 = Debug|Any CPU
		{76594029-E851-4CAD-8F11-260C5F1F328D}.Release|Any CPU.ActiveCfg = Release|Any CPU
		{76594029-E851-4CAD-8F11-260C5F1F328D}.Release|Any CPU.Build.0 = Release|Any CPU
		{BEE9D766-363B-4A9F-88EA-1BE1ED1C7C32}.Debug|Any CPU.ActiveCfg = Debug|Any CPU
		{BEE9D766-363B-4A9F-88EA-1BE1ED1C7C32}.Debug|Any CPU.Build.0 = Debug|Any CPU
		{BEE9D766-363B-4A9F-88EA-1BE1ED1C7C32}.Release|Any CPU.ActiveCfg = Release|Any CPU
		{BEE9D766-363B-4A9F-88EA-1BE1ED1C7C32}.Release|Any CPU.Build.0 = Release|Any CPU
		{805E3440-E35C-4887-8FDA-8B8960EFF1D1}.Debug|Any CPU.ActiveCfg = Debug|Any CPU
		{805E3440-E35C-4887-8FDA-8B8960EFF1D1}.Debug|Any CPU.Build.0 = Debug|Any CPU
		{805E3440-E35C-4887-8FDA-8B8960EFF1D1}.Release|Any CPU.ActiveCfg = Release|Any CPU
		{805E3440-E35C-4887-8FDA-8B8960EFF1D1}.Release|Any CPU.Build.0 = Release|Any CPU
		{FA38270F-07D5-47FD-875E-F976A1D94E8C}.Debug|Any CPU.ActiveCfg = Debug|Any CPU
		{FA38270F-07D5-47FD-875E-F976A1D94E8C}.Debug|Any CPU.Build.0 = Debug|Any CPU
		{FA38270F-07D5-47FD-875E-F976A1D94E8C}.Release|Any CPU.ActiveCfg = Release|Any CPU
		{FA38270F-07D5-47FD-875E-F976A1D94E8C}.Release|Any CPU.Build.0 = Release|Any CPU
		{87111F99-F5D3-4590-A44B-88E873B7F91C}.Debug|Any CPU.ActiveCfg = Debug|Any CPU
		{87111F99-F5D3-4590-A44B-88E873B7F91C}.Debug|Any CPU.Build.0 = Debug|Any CPU
		{87111F99-F5D3-4590-A44B-88E873B7F91C}.Release|Any CPU.ActiveCfg = Release|Any CPU
		{87111F99-F5D3-4590-A44B-88E873B7F91C}.Release|Any CPU.Build.0 = Release|Any CPU
	EndGlobalSection
	GlobalSection(SolutionProperties) = preSolution
		HideSolutionNode = FALSE
	EndGlobalSection
	GlobalSection(NestedProjects) = preSolution
		{922FD0A2-1432-48D9-B9FB-3E4EB04AA090} = {B2791543-DB5F-494F-A816-B6C037BE0FEB}
		{76594029-E851-4CAD-8F11-260C5F1F328D} = {B2791543-DB5F-494F-A816-B6C037BE0FEB}
		{BEE9D766-363B-4A9F-88EA-1BE1ED1C7C32} = {B2791543-DB5F-494F-A816-B6C037BE0FEB}
		{805E3440-E35C-4887-8FDA-8B8960EFF1D1} = {B2791543-DB5F-494F-A816-B6C037BE0FEB}
		{FA38270F-07D5-47FD-875E-F976A1D94E8C} = {AC785444-5DA2-44AE-917A-0CF5860DD327}
		{87111F99-F5D3-4590-A44B-88E873B7F91C} = {B2791543-DB5F-494F-A816-B6C037BE0FEB}
	EndGlobalSection
	GlobalSection(ExtensibilityGlobals) = postSolution
		SolutionGuid = {8248E312-BC45-4407-8A17-DC91D30A52AB}
	EndGlobalSection
EndGlobal
